
Microsoft Visual Studio Solution File, Format Version 12.00
Project("{FAE04EC0-301F-11D3-BF4B-00C04F79EFBC}") = "TaskFlow.Api", "TaskFlow.Api\TaskFlow.Api.csproj", "{5E43DA23-86D3-4096-81CE-52F3B156E71A}"
EndProject
Project("{2150E333-8FDC-42A3-9474-1A3956D46DE8}") = "Solution Items", "Solution Items", "{92480DE4-0701-4291-BACF-9C1A8046D590}"
	ProjectSection(SolutionItems) = preProject
		docker-compose.yml = docker-compose.yml
	EndProjectSection
EndProject
Project("{FAE04EC0-301F-11D3-BF4B-00C04F79EFBC}") = "TaskFlow.Application", "TaskFlow.Application\TaskFlow.Application.csproj", "{F77B682C-810C-4A50-B4D3-2F5D2085E6FF}"
EndProject
Project("{FAE04EC0-301F-11D3-BF4B-00C04F79EFBC}") = "TaskFlow.Interfaces", "TaskFlow.Interfaces\TaskFlow.Interfaces.csproj", "{1367B931-4923-4A88-85A0-C4BEC5B5E0C4}"
EndProject
Project("{FAE04EC0-301F-11D3-BF4B-00C04F79EFBC}") = "TaskFlow.WorkerService", "TaskFlow.WorkerService\TaskFlow.WorkerService.csproj", "{12D144F9-5DCE-4FA5-A171-978FA8E8D52D}"
EndProject
Project("{FAE04EC0-301F-11D3-BF4B-00C04F79EFBC}") = "TaskFlow.Domain", "TaskFlow.Domain\TaskFlow.Domain.csproj", "{F5935925-C1C3-4C20-85BB-C290E944555A}"
EndProject
Global
	GlobalSection(SolutionConfigurationPlatforms) = preSolution
		Debug|Any CPU = Debug|Any CPU
		Release|Any CPU = Release|Any CPU
	EndGlobalSection
	GlobalSection(ProjectConfigurationPlatforms) = postSolution
		{5E43DA23-86D3-4096-81CE-52F3B156E71A}.Debug|Any CPU.ActiveCfg = Debug|Any CPU
		{5E43DA23-86D3-4096-81CE-52F3B156E71A}.Debug|Any CPU.Build.0 = Debug|Any CPU
		{5E43DA23-86D3-4096-81CE-52F3B156E71A}.Release|Any CPU.ActiveCfg = Release|Any CPU
		{5E43DA23-86D3-4096-81CE-52F3B156E71A}.Release|Any CPU.Build.0 = Release|Any CPU
		{F77B682C-810C-4A50-B4D3-2F5D2085E6FF}.Debug|Any CPU.ActiveCfg = Debug|Any CPU
		{F77B682C-810C-4A50-B4D3-2F5D2085E6FF}.Debug|Any CPU.Build.0 = Debug|Any CPU
		{F77B682C-810C-4A50-B4D3-2F5D2085E6FF}.Release|Any CPU.ActiveCfg = Release|Any CPU
		{F77B682C-810C-4A50-B4D3-2F5D2085E6FF}.Release|Any CPU.Build.0 = Release|Any CPU
		{1367B931-4923-4A88-85A0-C4BEC5B5E0C4}.Debug|Any CPU.ActiveCfg = Debug|Any CPU
		{1367B931-4923-4A88-85A0-C4BEC5B5E0C4}.Debug|Any CPU.Build.0 = Debug|Any CPU
		{1367B931-4923-4A88-85A0-C4BEC5B5E0C4}.Release|Any CPU.ActiveCfg = Release|Any CPU
		{1367B931-4923-4A88-85A0-C4BEC5B5E0C4}.Release|Any CPU.Build.0 = Release|Any CPU
		{12D144F9-5DCE-4FA5-A171-978FA8E8D52D}.Debug|Any CPU.ActiveCfg = Debug|Any CPU
		{12D144F9-5DCE-4FA5-A171-978FA8E8D52D}.Debug|Any CPU.Build.0 = Debug|Any CPU
		{12D144F9-5DCE-4FA5-A171-978FA8E8D52D}.Release|Any CPU.ActiveCfg = Release|Any CPU
		{12D144F9-5DCE-4FA5-A171-978FA8E8D52D}.Release|Any CPU.Build.0 = Release|Any CPU
		{F5935925-C1C3-4C20-85BB-C290E944555A}.Debug|Any CPU.ActiveCfg = Debug|Any CPU
		{F5935925-C1C3-4C20-85BB-C290E944555A}.Debug|Any CPU.Build.0 = Debug|Any CPU
		{F5935925-C1C3-4C20-85BB-C290E944555A}.Release|Any CPU.ActiveCfg = Release|Any CPU
		{F5935925-C1C3-4C20-85BB-C290E944555A}.Release|Any CPU.Build.0 = Release|Any CPU
	EndGlobalSection
EndGlobal
